// !$*UTF8*$!
{
	archiveVersion = 1;
	classes = {
	};
	objectVersion = 46;
	objects = {

/* Begin PBXBuildFile section */
		1849A3931BFECCAC002B9355 /* main.m in Sources */ = {isa = PBXBuildFile; fileRef = 1849A3921BFECCAC002B9355 /* main.m */; };
		1849A39E1BFECCAC002B9355 /* Assets.xcassets in Resources */ = {isa = PBXBuildFile; fileRef = 1849A39D1BFECCAC002B9355 /* Assets.xcassets */; };
		1849A3A11BFECCAC002B9355 /* LaunchScreen.storyboard in Resources */ = {isa = PBXBuildFile; fileRef = 1849A39F1BFECCAC002B9355 /* LaunchScreen.storyboard */; };
		18A4A8951BFED1AA0028C691 /* LoginViewController.m in Sources */ = {isa = PBXBuildFile; fileRef = 18A4A8931BFED1AA0028C691 /* LoginViewController.m */; };
		18A4A8961BFED1AA0028C691 /* LoginViewController.xib in Resources */ = {isa = PBXBuildFile; fileRef = 18A4A8941BFED1AA0028C691 /* LoginViewController.xib */; };
		18A4A89A1BFED3340028C691 /* RouteCoverViewController.m in Sources */ = {isa = PBXBuildFile; fileRef = 18A4A8981BFED3340028C691 /* RouteCoverViewController.m */; };
		18A4A89D1BFEDA0A0028C691 /* ExampleImages.xcassets in Resources */ = {isa = PBXBuildFile; fileRef = 18A4A89C1BFEDA0A0028C691 /* ExampleImages.xcassets */; };
		248B13721BFEE31000184AD5 /* Route.m in Sources */ = {isa = PBXBuildFile; fileRef = 248B13711BFEE31000184AD5 /* Route.m */; };
		248B13751BFEE3ED00184AD5 /* Place.m in Sources */ = {isa = PBXBuildFile; fileRef = 248B13741BFEE3ED00184AD5 /* Place.m */; };
		248B13781BFEE46000184AD5 /* User.m in Sources */ = {isa = PBXBuildFile; fileRef = 248B13771BFEE46000184AD5 /* User.m */; };
		248B137B1BFEE4FD00184AD5 /* RouteCategory.m in Sources */ = {isa = PBXBuildFile; fileRef = 248B137A1BFEE4FD00184AD5 /* RouteCategory.m */; };
		248B137E1BFEE5E900184AD5 /* Location.m in Sources */ = {isa = PBXBuildFile; fileRef = 248B137D1BFEE5E900184AD5 /* Location.m */; };
		24A79ED71C05415400FB3D6B /* MockRepository.m in Sources */ = {isa = PBXBuildFile; fileRef = 24A79ED61C05415400FB3D6B /* MockRepository.m */; };
		24FD6B601C04F92A0091E9DB /* RouteRatingView.xib in Resources */ = {isa = PBXBuildFile; fileRef = 24FD6B5F1C04F92A0091E9DB /* RouteRatingView.xib */; };
		24FD6B631C04F9790091E9DB /* RouteRatingView.m in Sources */ = {isa = PBXBuildFile; fileRef = 24FD6B621C04F9790091E9DB /* RouteRatingView.m */; };
		24FD6B641C051FA20091E9DB /* RouteCoverViewController.xib in Resources */ = {isa = PBXBuildFile; fileRef = 18A4A8991BFED3340028C691 /* RouteCoverViewController.xib */; };
		603E92621BFEE152003BE497 /* RouteListViewController.m in Sources */ = {isa = PBXBuildFile; fileRef = 603E92601BFEE152003BE497 /* RouteListViewController.m */; };
		603E92631BFEE152003BE497 /* RouteListViewController.xib in Resources */ = {isa = PBXBuildFile; fileRef = 603E92611BFEE152003BE497 /* RouteListViewController.xib */; };
		603E92671BFEE549003BE497 /* HomeProfileViewController.m in Sources */ = {isa = PBXBuildFile; fileRef = 603E92651BFEE549003BE497 /* HomeProfileViewController.m */; };
		603E92681BFEE549003BE497 /* HomeProfileViewController.xib in Resources */ = {isa = PBXBuildFile; fileRef = 603E92661BFEE549003BE497 /* HomeProfileViewController.xib */; };
		603E926C1BFEEB80003BE497 /* ProfileViewController.m in Sources */ = {isa = PBXBuildFile; fileRef = 603E926A1BFEEB80003BE497 /* ProfileViewController.m */; };
		603E926D1BFEEB80003BE497 /* ProfileViewController.xib in Resources */ = {isa = PBXBuildFile; fileRef = 603E926B1BFEEB80003BE497 /* ProfileViewController.xib */; };
		603E92711BFF09CD003BE497 /* LargeRouteCollectionViewCell.m in Sources */ = {isa = PBXBuildFile; fileRef = 603E926F1BFF09CD003BE497 /* LargeRouteCollectionViewCell.m */; };
		603E92721BFF09CD003BE497 /* LargeRouteCollectionViewCell.xib in Resources */ = {isa = PBXBuildFile; fileRef = 603E92701BFF09CD003BE497 /* LargeRouteCollectionViewCell.xib */; };
		603E92761BFFC52C003BE497 /* SmallRouteCollectionViewCell.m in Sources */ = {isa = PBXBuildFile; fileRef = 603E92741BFFC52C003BE497 /* SmallRouteCollectionViewCell.m */; };
		603E92771BFFC52C003BE497 /* SmallRouteCollectionViewCell.xib in Resources */ = {isa = PBXBuildFile; fileRef = 603E92751BFFC52C003BE497 /* SmallRouteCollectionViewCell.xib */; };
		603E927C1C014100003BE497 /* AppDelegate.m in Sources */ = {isa = PBXBuildFile; fileRef = 1849A3951BFECCAC002B9355 /* AppDelegate.m */; };
		603E92871C02C530003BE497 /* ArcPathRenderer.m in Sources */ = {isa = PBXBuildFile; fileRef = 603E92841C02C530003BE497 /* ArcPathRenderer.m */; };
		603E92881C02C530003BE497 /* mocks.m in Sources */ = {isa = PBXBuildFile; fileRef = 603E92861C02C530003BE497 /* mocks.m */; };
		659CD54216781BADEF55756F /* Pods_RouteToDo.framework in Frameworks */ = {isa = PBXBuildFile; fileRef = 5A183DD4673867B89BCB0F85 /* Pods_RouteToDo.framework */; };
		CD3046CD1BFFD7EB006C74EA /* RouteStepViewController.xib in Resources */ = {isa = PBXBuildFile; fileRef = CD3046CC1BFFD7EB006C74EA /* RouteStepViewController.xib */; };
		CD3046CF1BFFD7F3006C74EA /* RouteStepViewController.m in Sources */ = {isa = PBXBuildFile; fileRef = CD3046CE1BFFD7F3006C74EA /* RouteStepViewController.m */; };
		CD3046D21BFFDB90006C74EA /* MapKit.framework in Frameworks */ = {isa = PBXBuildFile; fileRef = CD3046D11BFFDB90006C74EA /* MapKit.framework */; };
		CD3046D61BFFE39B006C74EA /* PlaceAnnotation.m in Sources */ = {isa = PBXBuildFile; fileRef = CD3046D51BFFE39B006C74EA /* PlaceAnnotation.m */; };
		CDF69F6C1C050E6800C427D8 /* CustomTabControllerItem.m in Sources */ = {isa = PBXBuildFile; fileRef = CDF69F6B1C050E6800C427D8 /* CustomTabControllerItem.m */; };
/* End PBXBuildFile section */

/* Begin PBXFileReference section */
		1849A38E1BFECCAC002B9355 /* RouteToDo.app */ = {isa = PBXFileReference; explicitFileType = wrapper.application; includeInIndex = 0; path = RouteToDo.app; sourceTree = BUILT_PRODUCTS_DIR; };
		1849A3921BFECCAC002B9355 /* main.m */ = {isa = PBXFileReference; lastKnownFileType = sourcecode.c.objc; path = main.m; sourceTree = "<group>"; };
		1849A3941BFECCAC002B9355 /* AppDelegate.h */ = {isa = PBXFileReference; lastKnownFileType = sourcecode.c.h; path = AppDelegate.h; sourceTree = "<group>"; };
		1849A3951BFECCAC002B9355 /* AppDelegate.m */ = {isa = PBXFileReference; lastKnownFileType = sourcecode.c.objc; path = AppDelegate.m; sourceTree = "<group>"; };
		1849A39D1BFECCAC002B9355 /* Assets.xcassets */ = {isa = PBXFileReference; lastKnownFileType = folder.assetcatalog; path = Assets.xcassets; sourceTree = "<group>"; };
		1849A3A01BFECCAC002B9355 /* Base */ = {isa = PBXFileReference; lastKnownFileType = file.storyboard; name = Base; path = Base.lproj/LaunchScreen.storyboard; sourceTree = "<group>"; };
		1849A3A21BFECCAC002B9355 /* Info.plist */ = {isa = PBXFileReference; lastKnownFileType = text.plist.xml; path = Info.plist; sourceTree = "<group>"; };
		188CA1091C0438D60088AFA6 /* Utils.h */ = {isa = PBXFileReference; lastKnownFileType = sourcecode.c.h; path = Utils.h; sourceTree = "<group>"; };
		18A4A8921BFED1AA0028C691 /* LoginViewController.h */ = {isa = PBXFileReference; fileEncoding = 4; lastKnownFileType = sourcecode.c.h; path = LoginViewController.h; sourceTree = "<group>"; };
		18A4A8931BFED1AA0028C691 /* LoginViewController.m */ = {isa = PBXFileReference; fileEncoding = 4; lastKnownFileType = sourcecode.c.objc; path = LoginViewController.m; sourceTree = "<group>"; };
		18A4A8941BFED1AA0028C691 /* LoginViewController.xib */ = {isa = PBXFileReference; fileEncoding = 4; lastKnownFileType = file.xib; path = LoginViewController.xib; sourceTree = "<group>"; };
		18A4A8971BFED3340028C691 /* RouteCoverViewController.h */ = {isa = PBXFileReference; fileEncoding = 4; lastKnownFileType = sourcecode.c.h; path = RouteCoverViewController.h; sourceTree = "<group>"; };
		18A4A8981BFED3340028C691 /* RouteCoverViewController.m */ = {isa = PBXFileReference; fileEncoding = 4; lastKnownFileType = sourcecode.c.objc; path = RouteCoverViewController.m; sourceTree = "<group>"; };
		18A4A8991BFED3340028C691 /* RouteCoverViewController.xib */ = {isa = PBXFileReference; fileEncoding = 4; lastKnownFileType = file.xib; path = RouteCoverViewController.xib; sourceTree = "<group>"; };
		18A4A89C1BFEDA0A0028C691 /* ExampleImages.xcassets */ = {isa = PBXFileReference; lastKnownFileType = folder.assetcatalog; path = ExampleImages.xcassets; sourceTree = "<group>"; };
		248B13701BFEE31000184AD5 /* Route.h */ = {isa = PBXFileReference; fileEncoding = 4; lastKnownFileType = sourcecode.c.h; path = Route.h; sourceTree = "<group>"; };
		248B13711BFEE31000184AD5 /* Route.m */ = {isa = PBXFileReference; fileEncoding = 4; lastKnownFileType = sourcecode.c.objc; path = Route.m; sourceTree = "<group>"; };
		248B13731BFEE3ED00184AD5 /* Place.h */ = {isa = PBXFileReference; fileEncoding = 4; lastKnownFileType = sourcecode.c.h; path = Place.h; sourceTree = "<group>"; };
		248B13741BFEE3ED00184AD5 /* Place.m */ = {isa = PBXFileReference; fileEncoding = 4; lastKnownFileType = sourcecode.c.objc; path = Place.m; sourceTree = "<group>"; };
		248B13761BFEE46000184AD5 /* User.h */ = {isa = PBXFileReference; fileEncoding = 4; lastKnownFileType = sourcecode.c.h; path = User.h; sourceTree = "<group>"; };
		248B13771BFEE46000184AD5 /* User.m */ = {isa = PBXFileReference; fileEncoding = 4; lastKnownFileType = sourcecode.c.objc; path = User.m; sourceTree = "<group>"; };
		248B13791BFEE4FD00184AD5 /* RouteCategory.h */ = {isa = PBXFileReference; fileEncoding = 4; lastKnownFileType = sourcecode.c.h; path = RouteCategory.h; sourceTree = "<group>"; };
		248B137A1BFEE4FD00184AD5 /* RouteCategory.m */ = {isa = PBXFileReference; fileEncoding = 4; lastKnownFileType = sourcecode.c.objc; path = RouteCategory.m; sourceTree = "<group>"; };
		248B137C1BFEE5E900184AD5 /* Location.h */ = {isa = PBXFileReference; fileEncoding = 4; lastKnownFileType = sourcecode.c.h; path = Location.h; sourceTree = "<group>"; };
		248B137D1BFEE5E900184AD5 /* Location.m */ = {isa = PBXFileReference; fileEncoding = 4; lastKnownFileType = sourcecode.c.objc; path = Location.m; sourceTree = "<group>"; };
		24A79ED41C0540F600FB3D6B /* BackendRepository.h */ = {isa = PBXFileReference; fileEncoding = 4; lastKnownFileType = sourcecode.c.h; path = BackendRepository.h; sourceTree = "<group>"; };
		24A79ED51C05415400FB3D6B /* MockRepository.h */ = {isa = PBXFileReference; fileEncoding = 4; lastKnownFileType = sourcecode.c.h; path = MockRepository.h; sourceTree = "<group>"; };
		24A79ED61C05415400FB3D6B /* MockRepository.m */ = {isa = PBXFileReference; fileEncoding = 4; lastKnownFileType = sourcecode.c.objc; path = MockRepository.m; sourceTree = "<group>"; };
		24FD6B5F1C04F92A0091E9DB /* RouteRatingView.xib */ = {isa = PBXFileReference; fileEncoding = 4; lastKnownFileType = file.xib; path = RouteRatingView.xib; sourceTree = "<group>"; };
		24FD6B611C04F9790091E9DB /* RouteRatingView.h */ = {isa = PBXFileReference; fileEncoding = 4; lastKnownFileType = sourcecode.c.h; path = RouteRatingView.h; sourceTree = "<group>"; };
		24FD6B621C04F9790091E9DB /* RouteRatingView.m */ = {isa = PBXFileReference; fileEncoding = 4; lastKnownFileType = sourcecode.c.objc; path = RouteRatingView.m; sourceTree = "<group>"; };
		369A98033966F5F9EA3998BB /* Pods-RouteToDo.release.xcconfig */ = {isa = PBXFileReference; includeInIndex = 1; lastKnownFileType = text.xcconfig; name = "Pods-RouteToDo.release.xcconfig"; path = "Pods/Target Support Files/Pods-RouteToDo/Pods-RouteToDo.release.xcconfig"; sourceTree = "<group>"; };
		5A183DD4673867B89BCB0F85 /* Pods_RouteToDo.framework */ = {isa = PBXFileReference; explicitFileType = wrapper.framework; includeInIndex = 0; path = Pods_RouteToDo.framework; sourceTree = BUILT_PRODUCTS_DIR; };
		603E925F1BFEE152003BE497 /* RouteListViewController.h */ = {isa = PBXFileReference; fileEncoding = 4; lastKnownFileType = sourcecode.c.h; path = RouteListViewController.h; sourceTree = "<group>"; };
		603E92601BFEE152003BE497 /* RouteListViewController.m */ = {isa = PBXFileReference; fileEncoding = 4; lastKnownFileType = sourcecode.c.objc; path = RouteListViewController.m; sourceTree = "<group>"; };
		603E92611BFEE152003BE497 /* RouteListViewController.xib */ = {isa = PBXFileReference; fileEncoding = 4; lastKnownFileType = file.xib; path = RouteListViewController.xib; sourceTree = "<group>"; };
		603E92641BFEE549003BE497 /* HomeProfileViewController.h */ = {isa = PBXFileReference; fileEncoding = 4; lastKnownFileType = sourcecode.c.h; path = HomeProfileViewController.h; sourceTree = "<group>"; };
		603E92651BFEE549003BE497 /* HomeProfileViewController.m */ = {isa = PBXFileReference; fileEncoding = 4; lastKnownFileType = sourcecode.c.objc; path = HomeProfileViewController.m; sourceTree = "<group>"; };
		603E92661BFEE549003BE497 /* HomeProfileViewController.xib */ = {isa = PBXFileReference; fileEncoding = 4; lastKnownFileType = file.xib; path = HomeProfileViewController.xib; sourceTree = "<group>"; };
		603E92691BFEEB80003BE497 /* ProfileViewController.h */ = {isa = PBXFileReference; fileEncoding = 4; lastKnownFileType = sourcecode.c.h; path = ProfileViewController.h; sourceTree = "<group>"; };
		603E926A1BFEEB80003BE497 /* ProfileViewController.m */ = {isa = PBXFileReference; fileEncoding = 4; lastKnownFileType = sourcecode.c.objc; path = ProfileViewController.m; sourceTree = "<group>"; };
		603E926B1BFEEB80003BE497 /* ProfileViewController.xib */ = {isa = PBXFileReference; fileEncoding = 4; lastKnownFileType = file.xib; path = ProfileViewController.xib; sourceTree = "<group>"; };
		603E926E1BFF09CD003BE497 /* LargeRouteCollectionViewCell.h */ = {isa = PBXFileReference; fileEncoding = 4; lastKnownFileType = sourcecode.c.h; path = LargeRouteCollectionViewCell.h; sourceTree = "<group>"; };
		603E926F1BFF09CD003BE497 /* LargeRouteCollectionViewCell.m */ = {isa = PBXFileReference; fileEncoding = 4; lastKnownFileType = sourcecode.c.objc; path = LargeRouteCollectionViewCell.m; sourceTree = "<group>"; };
		603E92701BFF09CD003BE497 /* LargeRouteCollectionViewCell.xib */ = {isa = PBXFileReference; fileEncoding = 4; lastKnownFileType = file.xib; path = LargeRouteCollectionViewCell.xib; sourceTree = "<group>"; };
		603E92731BFFC52C003BE497 /* SmallRouteCollectionViewCell.h */ = {isa = PBXFileReference; fileEncoding = 4; lastKnownFileType = sourcecode.c.h; path = SmallRouteCollectionViewCell.h; sourceTree = "<group>"; };
		603E92741BFFC52C003BE497 /* SmallRouteCollectionViewCell.m */ = {isa = PBXFileReference; fileEncoding = 4; lastKnownFileType = sourcecode.c.objc; path = SmallRouteCollectionViewCell.m; sourceTree = "<group>"; };
		603E92751BFFC52C003BE497 /* SmallRouteCollectionViewCell.xib */ = {isa = PBXFileReference; fileEncoding = 4; lastKnownFileType = file.xib; path = SmallRouteCollectionViewCell.xib; sourceTree = "<group>"; };
		603E92831C02C530003BE497 /* ArcPathRenderer.h */ = {isa = PBXFileReference; fileEncoding = 4; lastKnownFileType = sourcecode.c.h; path = ArcPathRenderer.h; sourceTree = "<group>"; };
		603E92841C02C530003BE497 /* ArcPathRenderer.m */ = {isa = PBXFileReference; fileEncoding = 4; lastKnownFileType = sourcecode.c.objc; path = ArcPathRenderer.m; sourceTree = "<group>"; };
		603E92851C02C530003BE497 /* mocks.h */ = {isa = PBXFileReference; fileEncoding = 4; lastKnownFileType = sourcecode.c.h; path = mocks.h; sourceTree = "<group>"; };
		603E92861C02C530003BE497 /* mocks.m */ = {isa = PBXFileReference; fileEncoding = 4; lastKnownFileType = sourcecode.c.objc; path = mocks.m; sourceTree = "<group>"; };
		62275081C6139B331089E823 /* Pods-RouteToDo.debug.xcconfig */ = {isa = PBXFileReference; includeInIndex = 1; lastKnownFileType = text.xcconfig; name = "Pods-RouteToDo.debug.xcconfig"; path = "Pods/Target Support Files/Pods-RouteToDo/Pods-RouteToDo.debug.xcconfig"; sourceTree = "<group>"; };
		CD3046CC1BFFD7EB006C74EA /* RouteStepViewController.xib */ = {isa = PBXFileReference; fileEncoding = 4; lastKnownFileType = file.xib; path = RouteStepViewController.xib; sourceTree = "<group>"; };
		CD3046CE1BFFD7F3006C74EA /* RouteStepViewController.m */ = {isa = PBXFileReference; fileEncoding = 4; lastKnownFileType = sourcecode.c.objc; path = RouteStepViewController.m; sourceTree = "<group>"; };
		CD3046D01BFFD7FA006C74EA /* RouteStepViewController.h */ = {isa = PBXFileReference; fileEncoding = 4; lastKnownFileType = sourcecode.c.h; path = RouteStepViewController.h; sourceTree = "<group>"; };
		CD3046D11BFFDB90006C74EA /* MapKit.framework */ = {isa = PBXFileReference; lastKnownFileType = wrapper.framework; name = MapKit.framework; path = System/Library/Frameworks/MapKit.framework; sourceTree = SDKROOT; };
		CD3046D41BFFE39B006C74EA /* PlaceAnnotation.h */ = {isa = PBXFileReference; fileEncoding = 4; lastKnownFileType = sourcecode.c.h; path = PlaceAnnotation.h; sourceTree = "<group>"; };
		CD3046D51BFFE39B006C74EA /* PlaceAnnotation.m */ = {isa = PBXFileReference; fileEncoding = 4; lastKnownFileType = sourcecode.c.objc; path = PlaceAnnotation.m; sourceTree = "<group>"; };
		CDF69F6A1C050E6800C427D8 /* CustomTabControllerItem.h */ = {isa = PBXFileReference; fileEncoding = 4; lastKnownFileType = sourcecode.c.h; path = CustomTabControllerItem.h; sourceTree = "<group>"; };
		CDF69F6B1C050E6800C427D8 /* CustomTabControllerItem.m */ = {isa = PBXFileReference; fileEncoding = 4; lastKnownFileType = sourcecode.c.objc; path = CustomTabControllerItem.m; sourceTree = "<group>"; };
/* End PBXFileReference section */

/* Begin PBXFrameworksBuildPhase section */
		1849A38B1BFECCAC002B9355 /* Frameworks */ = {
			isa = PBXFrameworksBuildPhase;
			buildActionMask = 2147483647;
			files = (
				CD3046D21BFFDB90006C74EA /* MapKit.framework in Frameworks */,
				659CD54216781BADEF55756F /* Pods_RouteToDo.framework in Frameworks */,
			);
			runOnlyForDeploymentPostprocessing = 0;
		};
/* End PBXFrameworksBuildPhase section */

/* Begin PBXGroup section */
		1849A3851BFECCAC002B9355 = {
			isa = PBXGroup;
			children = (
				1849A3901BFECCAC002B9355 /* RouteToDo */,
				1849A38F1BFECCAC002B9355 /* Products */,
				E17CD451A7DE82D2485D6C4C /* Pods */,
				85D498AFEFFF91E7020EE957 /* Frameworks */,
			);
			sourceTree = "<group>";
		};
		1849A38F1BFECCAC002B9355 /* Products */ = {
			isa = PBXGroup;
			children = (
				1849A38E1BFECCAC002B9355 /* RouteToDo.app */,
			);
			name = Products;
			sourceTree = "<group>";
		};
		1849A3901BFECCAC002B9355 /* RouteToDo */ = {
			isa = PBXGroup;
			children = (
				CD3046D31BFFE38D006C74EA /* Map */,
				18A4A8901BFECE720028C691 /* App */,
				18A4A88F1BFECE6A0028C691 /* Models */,
				18A4A88E1BFECE600028C691 /* Views */,
				18A4A88D1BFECE560028C691 /* ViewControllers */,
				1849A39D1BFECCAC002B9355 /* Assets.xcassets */,
				1849A39F1BFECCAC002B9355 /* LaunchScreen.storyboard */,
				1849A3A21BFECCAC002B9355 /* Info.plist */,
				1849A3911BFECCAC002B9355 /* Supporting Files */,
				18A4A89C1BFEDA0A0028C691 /* ExampleImages.xcassets */,
				24A79ED41C0540F600FB3D6B /* BackendRepository.h */,
				24A79ED51C05415400FB3D6B /* MockRepository.h */,
				24A79ED61C05415400FB3D6B /* MockRepository.m */,
			);
			path = RouteToDo;
			sourceTree = "<group>";
		};
		1849A3911BFECCAC002B9355 /* Supporting Files */ = {
			isa = PBXGroup;
			children = (
				603E92851C02C530003BE497 /* mocks.h */,
				603E92861C02C530003BE497 /* mocks.m */,
				1849A3921BFECCAC002B9355 /* main.m */,
				188CA1091C0438D60088AFA6 /* Utils.h */,
			);
			name = "Supporting Files";
			sourceTree = "<group>";
		};
		18A4A88D1BFECE560028C691 /* ViewControllers */ = {
			isa = PBXGroup;
			children = (
				CDF69F691C050E4900C427D8 /* Support Files */,
				18A4A8921BFED1AA0028C691 /* LoginViewController.h */,
				18A4A8931BFED1AA0028C691 /* LoginViewController.m */,
				18A4A8941BFED1AA0028C691 /* LoginViewController.xib */,
				18A4A8971BFED3340028C691 /* RouteCoverViewController.h */,
				18A4A8981BFED3340028C691 /* RouteCoverViewController.m */,
				18A4A8991BFED3340028C691 /* RouteCoverViewController.xib */,
				603E925F1BFEE152003BE497 /* RouteListViewController.h */,
				603E92601BFEE152003BE497 /* RouteListViewController.m */,
				603E92611BFEE152003BE497 /* RouteListViewController.xib */,
				603E92641BFEE549003BE497 /* HomeProfileViewController.h */,
				603E92651BFEE549003BE497 /* HomeProfileViewController.m */,
				603E92661BFEE549003BE497 /* HomeProfileViewController.xib */,
				603E92691BFEEB80003BE497 /* ProfileViewController.h */,
				603E926A1BFEEB80003BE497 /* ProfileViewController.m */,
				603E926B1BFEEB80003BE497 /* ProfileViewController.xib */,
				CD3046D01BFFD7FA006C74EA /* RouteStepViewController.h */,
				CD3046CE1BFFD7F3006C74EA /* RouteStepViewController.m */,
				CD3046CC1BFFD7EB006C74EA /* RouteStepViewController.xib */,
			);
			name = ViewControllers;
			sourceTree = "<group>";
		};
		18A4A88E1BFECE600028C691 /* Views */ = {
			isa = PBXGroup;
			children = (
				603E926E1BFF09CD003BE497 /* LargeRouteCollectionViewCell.h */,
				603E926F1BFF09CD003BE497 /* LargeRouteCollectionViewCell.m */,
				603E92701BFF09CD003BE497 /* LargeRouteCollectionViewCell.xib */,
				603E92731BFFC52C003BE497 /* SmallRouteCollectionViewCell.h */,
				603E92741BFFC52C003BE497 /* SmallRouteCollectionViewCell.m */,
				603E92751BFFC52C003BE497 /* SmallRouteCollectionViewCell.xib */,
				24FD6B5F1C04F92A0091E9DB /* RouteRatingView.xib */,
				24FD6B611C04F9790091E9DB /* RouteRatingView.h */,
				24FD6B621C04F9790091E9DB /* RouteRatingView.m */,
			);
			name = Views;
			sourceTree = "<group>";
		};
		18A4A88F1BFECE6A0028C691 /* Models */ = {
			isa = PBXGroup;
			children = (
				248B13701BFEE31000184AD5 /* Route.h */,
				248B13711BFEE31000184AD5 /* Route.m */,
				248B13731BFEE3ED00184AD5 /* Place.h */,
				248B13741BFEE3ED00184AD5 /* Place.m */,
				248B13761BFEE46000184AD5 /* User.h */,
				248B13771BFEE46000184AD5 /* User.m */,
				248B13791BFEE4FD00184AD5 /* RouteCategory.h */,
				248B137A1BFEE4FD00184AD5 /* RouteCategory.m */,
				248B137C1BFEE5E900184AD5 /* Location.h */,
				248B137D1BFEE5E900184AD5 /* Location.m */,
			);
			name = Models;
			sourceTree = "<group>";
		};
		18A4A8901BFECE720028C691 /* App */ = {
			isa = PBXGroup;
			children = (
				1849A3941BFECCAC002B9355 /* AppDelegate.h */,
				1849A3951BFECCAC002B9355 /* AppDelegate.m */,
			);
			name = App;
			sourceTree = "<group>";
		};
		85D498AFEFFF91E7020EE957 /* Frameworks */ = {
			isa = PBXGroup;
			children = (
				CD3046D11BFFDB90006C74EA /* MapKit.framework */,
				5A183DD4673867B89BCB0F85 /* Pods_RouteToDo.framework */,
			);
			name = Frameworks;
			sourceTree = "<group>";
		};
		CD3046D31BFFE38D006C74EA /* Map */ = {
			isa = PBXGroup;
			children = (
				CD3046D41BFFE39B006C74EA /* PlaceAnnotation.h */,
				CD3046D51BFFE39B006C74EA /* PlaceAnnotation.m */,
				603E92831C02C530003BE497 /* ArcPathRenderer.h */,
				603E92841C02C530003BE497 /* ArcPathRenderer.m */,
			);
			name = Map;
			sourceTree = "<group>";
		};
		CDF69F691C050E4900C427D8 /* Support Files */ = {
			isa = PBXGroup;
			children = (
				CDF69F6A1C050E6800C427D8 /* CustomTabControllerItem.h */,
				CDF69F6B1C050E6800C427D8 /* CustomTabControllerItem.m */,
			);
			name = "Support Files";
			sourceTree = "<group>";
		};
		E17CD451A7DE82D2485D6C4C /* Pods */ = {
			isa = PBXGroup;
			children = (
				62275081C6139B331089E823 /* Pods-RouteToDo.debug.xcconfig */,
				369A98033966F5F9EA3998BB /* Pods-RouteToDo.release.xcconfig */,
			);
			name = Pods;
			sourceTree = "<group>";
		};
/* End PBXGroup section */

/* Begin PBXNativeTarget section */
		1849A38D1BFECCAC002B9355 /* RouteToDo */ = {
			isa = PBXNativeTarget;
			buildConfigurationList = 1849A3A51BFECCAC002B9355 /* Build configuration list for PBXNativeTarget "RouteToDo" */;
			buildPhases = (
				0FA15C29AD4C0EF288248F0F /* Check Pods Manifest.lock */,
				1849A38A1BFECCAC002B9355 /* Sources */,
				1849A38B1BFECCAC002B9355 /* Frameworks */,
				1849A38C1BFECCAC002B9355 /* Resources */,
				290448F25CDBED41282A1B71 /* Embed Pods Frameworks */,
				6B4C281CC6B559944D66E6AB /* Copy Pods Resources */,
			);
			buildRules = (
			);
			dependencies = (
			);
			name = RouteToDo;
			productName = RouteToDo;
			productReference = 1849A38E1BFECCAC002B9355 /* RouteToDo.app */;
			productType = "com.apple.product-type.application";
		};
/* End PBXNativeTarget section */

/* Begin PBXProject section */
		1849A3861BFECCAC002B9355 /* Project object */ = {
			isa = PBXProject;
			attributes = {
				LastUpgradeCheck = 0710;
				ORGANIZATIONNAME = RouteToDo;
				TargetAttributes = {
					1849A38D1BFECCAC002B9355 = {
						CreatedOnToolsVersion = 7.1.1;
					};
				};
			};
			buildConfigurationList = 1849A3891BFECCAC002B9355 /* Build configuration list for PBXProject "RouteToDo" */;
			compatibilityVersion = "Xcode 3.2";
			developmentRegion = English;
			hasScannedForEncodings = 0;
			knownRegions = (
				en,
				Base,
			);
			mainGroup = 1849A3851BFECCAC002B9355;
			productRefGroup = 1849A38F1BFECCAC002B9355 /* Products */;
			projectDirPath = "";
			projectRoot = "";
			targets = (
				1849A38D1BFECCAC002B9355 /* RouteToDo */,
			);
		};
/* End PBXProject section */

/* Begin PBXResourcesBuildPhase section */
		1849A38C1BFECCAC002B9355 /* Resources */ = {
			isa = PBXResourcesBuildPhase;
			buildActionMask = 2147483647;
			files = (
				603E926D1BFEEB80003BE497 /* ProfileViewController.xib in Resources */,
				1849A3A11BFECCAC002B9355 /* LaunchScreen.storyboard in Resources */,
				603E92631BFEE152003BE497 /* RouteListViewController.xib in Resources */,
				24FD6B601C04F92A0091E9DB /* RouteRatingView.xib in Resources */,
				1849A39E1BFECCAC002B9355 /* Assets.xcassets in Resources */,
				603E92721BFF09CD003BE497 /* LargeRouteCollectionViewCell.xib in Resources */,
				24FD6B641C051FA20091E9DB /* RouteCoverViewController.xib in Resources */,
				603E92681BFEE549003BE497 /* HomeProfileViewController.xib in Resources */,
				603E92771BFFC52C003BE497 /* SmallRouteCollectionViewCell.xib in Resources */,
				CD3046CD1BFFD7EB006C74EA /* RouteStepViewController.xib in Resources */,
				18A4A8961BFED1AA0028C691 /* LoginViewController.xib in Resources */,
				18A4A89D1BFEDA0A0028C691 /* ExampleImages.xcassets in Resources */,
			);
			runOnlyForDeploymentPostprocessing = 0;
		};
/* End PBXResourcesBuildPhase section */

/* Begin PBXShellScriptBuildPhase section */
		0FA15C29AD4C0EF288248F0F /* Check Pods Manifest.lock */ = {
			isa = PBXShellScriptBuildPhase;
			buildActionMask = 2147483647;
			files = (
			);
			inputPaths = (
			);
			name = "Check Pods Manifest.lock";
			outputPaths = (
			);
			runOnlyForDeploymentPostprocessing = 0;
			shellPath = /bin/sh;
			shellScript = "diff \"${PODS_ROOT}/../Podfile.lock\" \"${PODS_ROOT}/Manifest.lock\" > /dev/null\nif [[ $? != 0 ]] ; then\n    cat << EOM\nerror: The sandbox is not in sync with the Podfile.lock. Run 'pod install' or update your CocoaPods installation.\nEOM\n    exit 1\nfi\n";
			showEnvVarsInLog = 0;
		};
		290448F25CDBED41282A1B71 /* Embed Pods Frameworks */ = {
			isa = PBXShellScriptBuildPhase;
			buildActionMask = 2147483647;
			files = (
			);
			inputPaths = (
			);
			name = "Embed Pods Frameworks";
			outputPaths = (
			);
			runOnlyForDeploymentPostprocessing = 0;
			shellPath = /bin/sh;
			shellScript = "\"${SRCROOT}/Pods/Target Support Files/Pods-RouteToDo/Pods-RouteToDo-frameworks.sh\"\n";
			showEnvVarsInLog = 0;
		};
		6B4C281CC6B559944D66E6AB /* Copy Pods Resources */ = {
			isa = PBXShellScriptBuildPhase;
			buildActionMask = 2147483647;
			files = (
			);
			inputPaths = (
			);
			name = "Copy Pods Resources";
			outputPaths = (
			);
			runOnlyForDeploymentPostprocessing = 0;
			shellPath = /bin/sh;
			shellScript = "\"${SRCROOT}/Pods/Target Support Files/Pods-RouteToDo/Pods-RouteToDo-resources.sh\"\n";
			showEnvVarsInLog = 0;
		};
/* End PBXShellScriptBuildPhase section */

/* Begin PBXSourcesBuildPhase section */
		1849A38A1BFECCAC002B9355 /* Sources */ = {
			isa = PBXSourcesBuildPhase;
			buildActionMask = 2147483647;
			files = (
				603E927C1C014100003BE497 /* AppDelegate.m in Sources */,
				603E92621BFEE152003BE497 /* RouteListViewController.m in Sources */,
				603E92711BFF09CD003BE497 /* LargeRouteCollectionViewCell.m in Sources */,
				248B13721BFEE31000184AD5 /* Route.m in Sources */,
				603E92881C02C530003BE497 /* mocks.m in Sources */,
				248B13781BFEE46000184AD5 /* User.m in Sources */,
				24FD6B631C04F9790091E9DB /* RouteRatingView.m in Sources */,
				603E92871C02C530003BE497 /* ArcPathRenderer.m in Sources */,
				248B137B1BFEE4FD00184AD5 /* RouteCategory.m in Sources */,
				248B137E1BFEE5E900184AD5 /* Location.m in Sources */,
				1849A3931BFECCAC002B9355 /* main.m in Sources */,
				CD3046CF1BFFD7F3006C74EA /* RouteStepViewController.m in Sources */,
				CD3046D61BFFE39B006C74EA /* PlaceAnnotation.m in Sources */,
				CDF69F6C1C050E6800C427D8 /* CustomTabControllerItem.m in Sources */,
				248B13751BFEE3ED00184AD5 /* Place.m in Sources */,
				18A4A89A1BFED3340028C691 /* RouteCoverViewController.m in Sources */,
				24A79ED71C05415400FB3D6B /* MockRepository.m in Sources */,
				603E926C1BFEEB80003BE497 /* ProfileViewController.m in Sources */,
				18A4A8951BFED1AA0028C691 /* LoginViewController.m in Sources */,
				603E92761BFFC52C003BE497 /* SmallRouteCollectionViewCell.m in Sources */,
				603E92671BFEE549003BE497 /* HomeProfileViewController.m in Sources */,
			);
			runOnlyForDeploymentPostprocessing = 0;
		};
/* End PBXSourcesBuildPhase section */

/* Begin PBXVariantGroup section */
		1849A39F1BFECCAC002B9355 /* LaunchScreen.storyboard */ = {
			isa = PBXVariantGroup;
			children = (
				1849A3A01BFECCAC002B9355 /* Base */,
			);
			name = LaunchScreen.storyboard;
			sourceTree = "<group>";
		};
/* End PBXVariantGroup section */

/* Begin XCBuildConfiguration section */
		1849A3A31BFECCAC002B9355 /* Debug */ = {
			isa = XCBuildConfiguration;
			buildSettings = {
				ALWAYS_SEARCH_USER_PATHS = NO;
				CLANG_CXX_LANGUAGE_STANDARD = "gnu++0x";
				CLANG_CXX_LIBRARY = "libc++";
				CLANG_ENABLE_MODULES = YES;
				CLANG_ENABLE_OBJC_ARC = YES;
				CLANG_WARN_BOOL_CONVERSION = YES;
				CLANG_WARN_CONSTANT_CONVERSION = YES;
				CLANG_WARN_DIRECT_OBJC_ISA_USAGE = YES_ERROR;
				CLANG_WARN_EMPTY_BODY = YES;
				CLANG_WARN_ENUM_CONVERSION = YES;
				CLANG_WARN_INT_CONVERSION = YES;
				CLANG_WARN_OBJC_ROOT_CLASS = YES_ERROR;
				CLANG_WARN_UNREACHABLE_CODE = YES;
				CLANG_WARN__DUPLICATE_METHOD_MATCH = YES;
				"CODE_SIGN_IDENTITY[sdk=iphoneos*]" = "iPhone Developer";
				COPY_PHASE_STRIP = NO;
				DEBUG_INFORMATION_FORMAT = dwarf;
				ENABLE_STRICT_OBJC_MSGSEND = YES;
				ENABLE_TESTABILITY = YES;
				GCC_C_LANGUAGE_STANDARD = gnu99;
				GCC_DYNAMIC_NO_PIC = NO;
				GCC_NO_COMMON_BLOCKS = YES;
				GCC_OPTIMIZATION_LEVEL = 0;
				GCC_PREPROCESSOR_DEFINITIONS = (
					"DEBUG=1",
					"$(inherited)",
				);
				GCC_WARN_64_TO_32_BIT_CONVERSION = YES;
				GCC_WARN_ABOUT_RETURN_TYPE = YES_ERROR;
				GCC_WARN_UNDECLARED_SELECTOR = YES;
				GCC_WARN_UNINITIALIZED_AUTOS = YES_AGGRESSIVE;
				GCC_WARN_UNUSED_FUNCTION = YES;
				GCC_WARN_UNUSED_VARIABLE = YES;
				IPHONEOS_DEPLOYMENT_TARGET = 9.1;
				MTL_ENABLE_DEBUG_INFO = YES;
				ONLY_ACTIVE_ARCH = YES;
				SDKROOT = iphoneos;
			};
			name = Debug;
		};
		1849A3A41BFECCAC002B9355 /* Release */ = {
			isa = XCBuildConfiguration;
			buildSettings = {
				ALWAYS_SEARCH_USER_PATHS = NO;
				CLANG_CXX_LANGUAGE_STANDARD = "gnu++0x";
				CLANG_CXX_LIBRARY = "libc++";
				CLANG_ENABLE_MODULES = YES;
				CLANG_ENABLE_OBJC_ARC = YES;
				CLANG_WARN_BOOL_CONVERSION = YES;
				CLANG_WARN_CONSTANT_CONVERSION = YES;
				CLANG_WARN_DIRECT_OBJC_ISA_USAGE = YES_ERROR;
				CLANG_WARN_EMPTY_BODY = YES;
				CLANG_WARN_ENUM_CONVERSION = YES;
				CLANG_WARN_INT_CONVERSION = YES;
				CLANG_WARN_OBJC_ROOT_CLASS = YES_ERROR;
				CLANG_WARN_UNREACHABLE_CODE = YES;
				CLANG_WARN__DUPLICATE_METHOD_MATCH = YES;
				"CODE_SIGN_IDENTITY[sdk=iphoneos*]" = "iPhone Developer";
				COPY_PHASE_STRIP = NO;
				DEBUG_INFORMATION_FORMAT = "dwarf-with-dsym";
				ENABLE_NS_ASSERTIONS = NO;
				ENABLE_STRICT_OBJC_MSGSEND = YES;
				GCC_C_LANGUAGE_STANDARD = gnu99;
				GCC_NO_COMMON_BLOCKS = YES;
				GCC_WARN_64_TO_32_BIT_CONVERSION = YES;
				GCC_WARN_ABOUT_RETURN_TYPE = YES_ERROR;
				GCC_WARN_UNDECLARED_SELECTOR = YES;
				GCC_WARN_UNINITIALIZED_AUTOS = YES_AGGRESSIVE;
				GCC_WARN_UNUSED_FUNCTION = YES;
				GCC_WARN_UNUSED_VARIABLE = YES;
				IPHONEOS_DEPLOYMENT_TARGET = 9.1;
				MTL_ENABLE_DEBUG_INFO = NO;
				SDKROOT = iphoneos;
				VALIDATE_PRODUCT = YES;
			};
			name = Release;
		};
		1849A3A61BFECCAC002B9355 /* Debug */ = {
			isa = XCBuildConfiguration;
			baseConfigurationReference = 62275081C6139B331089E823 /* Pods-RouteToDo.debug.xcconfig */;
			buildSettings = {
				ASSETCATALOG_COMPILER_APPICON_NAME = AppIcon;
				INFOPLIST_FILE = RouteToDo/Info.plist;
				LD_RUNPATH_SEARCH_PATHS = "$(inherited) @executable_path/Frameworks";
				PRODUCT_BUNDLE_IDENTIFIER = com.rtd.RouteToDo;
				PRODUCT_NAME = "$(TARGET_NAME)";
			};
			name = Debug;
		};
		1849A3A71BFECCAC002B9355 /* Release */ = {
			isa = XCBuildConfiguration;
			baseConfigurationReference = 369A98033966F5F9EA3998BB /* Pods-RouteToDo.release.xcconfig */;
			buildSettings = {
				ASSETCATALOG_COMPILER_APPICON_NAME = AppIcon;
				INFOPLIST_FILE = RouteToDo/Info.plist;
				LD_RUNPATH_SEARCH_PATHS = "$(inherited) @executable_path/Frameworks";
				PRODUCT_BUNDLE_IDENTIFIER = com.rtd.RouteToDo;
				PRODUCT_NAME = "$(TARGET_NAME)";
			};
			name = Release;
		};
/* End XCBuildConfiguration section */

/* Begin XCConfigurationList section */
		1849A3891BFECCAC002B9355 /* Build configuration list for PBXProject "RouteToDo" */ = {
			isa = XCConfigurationList;
			buildConfigurations = (
				1849A3A31BFECCAC002B9355 /* Debug */,
				1849A3A41BFECCAC002B9355 /* Release */,
			);
			defaultConfigurationIsVisible = 0;
			defaultConfigurationName = Release;
		};
		1849A3A51BFECCAC002B9355 /* Build configuration list for PBXNativeTarget "RouteToDo" */ = {
			isa = XCConfigurationList;
			buildConfigurations = (
				1849A3A61BFECCAC002B9355 /* Debug */,
				1849A3A71BFECCAC002B9355 /* Release */,
			);
			defaultConfigurationIsVisible = 0;
			defaultConfigurationName = Release;
		};
/* End XCConfigurationList section */
	};
	rootObject = 1849A3861BFECCAC002B9355 /* Project object */;
}
